// !$*UTF8*$!
{
	archiveVersion = 1;
	classes = {
	};
	objectVersion = 46;
	objects = {

/* Begin PBXBuildFile section */
		849747591876A88400EA69F2 /* Foundation.framework in Frameworks */ = {isa = PBXBuildFile; fileRef = 849747581876A88400EA69F2 /* Foundation.framework */; };
		8497475B1876A88400EA69F2 /* CoreGraphics.framework in Frameworks */ = {isa = PBXBuildFile; fileRef = 8497475A1876A88400EA69F2 /* CoreGraphics.framework */; };
		8497475D1876A88400EA69F2 /* UIKit.framework in Frameworks */ = {isa = PBXBuildFile; fileRef = 8497475C1876A88400EA69F2 /* UIKit.framework */; };
		849747631876A88400EA69F2 /* InfoPlist.strings in Resources */ = {isa = PBXBuildFile; fileRef = 849747611876A88400EA69F2 /* InfoPlist.strings */; };
		849747651876A88400EA69F2 /* main.m in Sources */ = {isa = PBXBuildFile; fileRef = 849747641876A88400EA69F2 /* main.m */; };
		849747691876A88400EA69F2 /* AppDelegate.m in Sources */ = {isa = PBXBuildFile; fileRef = 849747681876A88400EA69F2 /* AppDelegate.m */; };
		8497476C1876A88400EA69F2 /* Main.storyboard in Resources */ = {isa = PBXBuildFile; fileRef = 8497476A1876A88400EA69F2 /* Main.storyboard */; };
		8497476F1876A88400EA69F2 /* ViewController.m in Sources */ = {isa = PBXBuildFile; fileRef = 8497476E1876A88400EA69F2 /* ViewController.m */; };
		849747711876A88400EA69F2 /* Images.xcassets in Resources */ = {isa = PBXBuildFile; fileRef = 849747701876A88400EA69F2 /* Images.xcassets */; };
		849747781876A88400EA69F2 /* XCTest.framework in Frameworks */ = {isa = PBXBuildFile; fileRef = 849747771876A88400EA69F2 /* XCTest.framework */; };
		849747791876A88400EA69F2 /* Foundation.framework in Frameworks */ = {isa = PBXBuildFile; fileRef = 849747581876A88400EA69F2 /* Foundation.framework */; };
		8497477A1876A88400EA69F2 /* UIKit.framework in Frameworks */ = {isa = PBXBuildFile; fileRef = 8497475C1876A88400EA69F2 /* UIKit.framework */; };
		849747821876A88400EA69F2 /* InfoPlist.strings in Resources */ = {isa = PBXBuildFile; fileRef = 849747801876A88400EA69F2 /* InfoPlist.strings */; };
		849747841876A88400EA69F2 /* DTTJailbreakDetectionTests.m in Sources */ = {isa = PBXBuildFile; fileRef = 849747831876A88400EA69F2 /* DTTJailbreakDetectionTests.m */; };
		8497478F1876A8A000EA69F2 /* DTTJailbreakDetection.m in Sources */ = {isa = PBXBuildFile; fileRef = 8497478E1876A8A000EA69F2 /* DTTJailbreakDetection.m */; };
/* End PBXBuildFile section */

/* Begin PBXContainerItemProxy section */
		8497477B1876A88400EA69F2 /* PBXContainerItemProxy */ = {
			isa = PBXContainerItemProxy;
			containerPortal = 8497474D1876A88400EA69F2 /* Project object */;
			proxyType = 1;
			remoteGlobalIDString = 849747541876A88400EA69F2;
			remoteInfo = DTTJailbreakDetection;
		};
/* End PBXContainerItemProxy section */

/* Begin PBXFileReference section */
		849747551876A88400EA69F2 /* DTTJailbreakDetection.app */ = {isa = PBXFileReference; explicitFileType = wrapper.application; includeInIndex = 0; path = DTTJailbreakDetection.app; sourceTree = BUILT_PRODUCTS_DIR; };
		849747581876A88400EA69F2 /* Foundation.framework */ = {isa = PBXFileReference; lastKnownFileType = wrapper.framework; name = Foundation.framework; path = System/Library/Frameworks/Foundation.framework; sourceTree = SDKROOT; };
		8497475A1876A88400EA69F2 /* CoreGraphics.framework */ = {isa = PBXFileReference; lastKnownFileType = wrapper.framework; name = CoreGraphics.framework; path = System/Library/Frameworks/CoreGraphics.framework; sourceTree = SDKROOT; };
		8497475C1876A88400EA69F2 /* UIKit.framework */ = {isa = PBXFileReference; lastKnownFileType = wrapper.framework; name = UIKit.framework; path = System/Library/Frameworks/UIKit.framework; sourceTree = SDKROOT; };
		849747601876A88400EA69F2 /* DTTJailbreakDetection-Info.plist */ = {isa = PBXFileReference; lastKnownFileType = text.plist.xml; path = "DTTJailbreakDetection-Info.plist"; sourceTree = "<group>"; };
		849747621876A88400EA69F2 /* en */ = {isa = PBXFileReference; lastKnownFileType = text.plist.strings; name = en; path = en.lproj/InfoPlist.strings; sourceTree = "<group>"; };
		849747641876A88400EA69F2 /* main.m */ = {isa = PBXFileReference; lastKnownFileType = sourcecode.c.objc; path = main.m; sourceTree = "<group>"; };
		849747661876A88400EA69F2 /* DTTJailbreakDetection-Prefix.pch */ = {isa = PBXFileReference; lastKnownFileType = sourcecode.c.h; path = "DTTJailbreakDetection-Prefix.pch"; sourceTree = "<group>"; };
		849747671876A88400EA69F2 /* AppDelegate.h */ = {isa = PBXFileReference; lastKnownFileType = sourcecode.c.h; path = AppDelegate.h; sourceTree = "<group>"; };
		849747681876A88400EA69F2 /* AppDelegate.m */ = {isa = PBXFileReference; lastKnownFileType = sourcecode.c.objc; path = AppDelegate.m; sourceTree = "<group>"; };
		8497476B1876A88400EA69F2 /* Base */ = {isa = PBXFileReference; lastKnownFileType = file.storyboard; name = Base; path = Base.lproj/Main.storyboard; sourceTree = "<group>"; };
		8497476D1876A88400EA69F2 /* ViewController.h */ = {isa = PBXFileReference; lastKnownFileType = sourcecode.c.h; path = ViewController.h; sourceTree = "<group>"; };
		8497476E1876A88400EA69F2 /* ViewController.m */ = {isa = PBXFileReference; lastKnownFileType = sourcecode.c.objc; path = ViewController.m; sourceTree = "<group>"; };
		849747701876A88400EA69F2 /* Images.xcassets */ = {isa = PBXFileReference; lastKnownFileType = folder.assetcatalog; path = Images.xcassets; sourceTree = "<group>"; };
		849747761876A88400EA69F2 /* DTTJailbreakDetectionTests.xctest */ = {isa = PBXFileReference; explicitFileType = wrapper.cfbundle; includeInIndex = 0; path = DTTJailbreakDetectionTests.xctest; sourceTree = BUILT_PRODUCTS_DIR; };
		849747771876A88400EA69F2 /* XCTest.framework */ = {isa = PBXFileReference; lastKnownFileType = wrapper.framework; name = XCTest.framework; path = Library/Frameworks/XCTest.framework; sourceTree = DEVELOPER_DIR; };
		8497477F1876A88400EA69F2 /* DTTJailbreakDetectionTests-Info.plist */ = {isa = PBXFileReference; lastKnownFileType = text.plist.xml; path = "DTTJailbreakDetectionTests-Info.plist"; sourceTree = "<group>"; };
		849747811876A88400EA69F2 /* en */ = {isa = PBXFileReference; lastKnownFileType = text.plist.strings; name = en; path = en.lproj/InfoPlist.strings; sourceTree = "<group>"; };
		849747831876A88400EA69F2 /* DTTJailbreakDetectionTests.m */ = {isa = PBXFileReference; lastKnownFileType = sourcecode.c.objc; path = DTTJailbreakDetectionTests.m; sourceTree = "<group>"; };
		8497478D1876A8A000EA69F2 /* DTTJailbreakDetection.h */ = {isa = PBXFileReference; fileEncoding = 4; lastKnownFileType = sourcecode.c.h; path = DTTJailbreakDetection.h; sourceTree = "<group>"; };
		8497478E1876A8A000EA69F2 /* DTTJailbreakDetection.m */ = {isa = PBXFileReference; fileEncoding = 4; lastKnownFileType = sourcecode.c.objc; path = DTTJailbreakDetection.m; sourceTree = "<group>"; };
/* End PBXFileReference section */

/* Begin PBXFrameworksBuildPhase section */
		849747521876A88400EA69F2 /* Frameworks */ = {
			isa = PBXFrameworksBuildPhase;
			buildActionMask = 2147483647;
			files = (
				8497475B1876A88400EA69F2 /* CoreGraphics.framework in Frameworks */,
				8497475D1876A88400EA69F2 /* UIKit.framework in Frameworks */,
				849747591876A88400EA69F2 /* Foundation.framework in Frameworks */,
			);
			runOnlyForDeploymentPostprocessing = 0;
		};
		849747731876A88400EA69F2 /* Frameworks */ = {
			isa = PBXFrameworksBuildPhase;
			buildActionMask = 2147483647;
			files = (
				849747781876A88400EA69F2 /* XCTest.framework in Frameworks */,
				8497477A1876A88400EA69F2 /* UIKit.framework in Frameworks */,
				849747791876A88400EA69F2 /* Foundation.framework in Frameworks */,
			);
			runOnlyForDeploymentPostprocessing = 0;
		};
/* End PBXFrameworksBuildPhase section */

/* Begin PBXGroup section */
		8497474C1876A88400EA69F2 = {
			isa = PBXGroup;
			children = (
				8497475E1876A88400EA69F2 /* DTTJailbreakDetection */,
				8497477D1876A88400EA69F2 /* DTTJailbreakDetectionTests */,
				849747571876A88400EA69F2 /* Frameworks */,
				849747561876A88400EA69F2 /* Products */,
			);
			sourceTree = "<group>";
		};
		849747561876A88400EA69F2 /* Products */ = {
			isa = PBXGroup;
			children = (
				849747551876A88400EA69F2 /* DTTJailbreakDetection.app */,
				849747761876A88400EA69F2 /* DTTJailbreakDetectionTests.xctest */,
			);
			name = Products;
			sourceTree = "<group>";
		};
		849747571876A88400EA69F2 /* Frameworks */ = {
			isa = PBXGroup;
			children = (
				849747581876A88400EA69F2 /* Foundation.framework */,
				8497475A1876A88400EA69F2 /* CoreGraphics.framework */,
				8497475C1876A88400EA69F2 /* UIKit.framework */,
				849747771876A88400EA69F2 /* XCTest.framework */,
			);
			name = Frameworks;
			sourceTree = "<group>";
		};
		8497475E1876A88400EA69F2 /* DTTJailbreakDetection */ = {
			isa = PBXGroup;
			children = (
				849747671876A88400EA69F2 /* AppDelegate.h */,
				849747681876A88400EA69F2 /* AppDelegate.m */,
				8497476A1876A88400EA69F2 /* Main.storyboard */,
				8497476D1876A88400EA69F2 /* ViewController.h */,
				8497476E1876A88400EA69F2 /* ViewController.m */,
				8497478D1876A8A000EA69F2 /* DTTJailbreakDetection.h */,
				8497478E1876A8A000EA69F2 /* DTTJailbreakDetection.m */,
				849747701876A88400EA69F2 /* Images.xcassets */,
				8497475F1876A88400EA69F2 /* Supporting Files */,
			);
			path = DTTJailbreakDetection;
			sourceTree = "<group>";
		};
		8497475F1876A88400EA69F2 /* Supporting Files */ = {
			isa = PBXGroup;
			children = (
				849747601876A88400EA69F2 /* DTTJailbreakDetection-Info.plist */,
				849747611876A88400EA69F2 /* InfoPlist.strings */,
				849747641876A88400EA69F2 /* main.m */,
				849747661876A88400EA69F2 /* DTTJailbreakDetection-Prefix.pch */,
			);
			name = "Supporting Files";
			sourceTree = "<group>";
		};
		8497477D1876A88400EA69F2 /* DTTJailbreakDetectionTests */ = {
			isa = PBXGroup;
			children = (
				849747831876A88400EA69F2 /* DTTJailbreakDetectionTests.m */,
				8497477E1876A88400EA69F2 /* Supporting Files */,
			);
			path = DTTJailbreakDetectionTests;
			sourceTree = "<group>";
		};
		8497477E1876A88400EA69F2 /* Supporting Files */ = {
			isa = PBXGroup;
			children = (
				8497477F1876A88400EA69F2 /* DTTJailbreakDetectionTests-Info.plist */,
				849747801876A88400EA69F2 /* InfoPlist.strings */,
			);
			name = "Supporting Files";
			sourceTree = "<group>";
		};
/* End PBXGroup section */

/* Begin PBXNativeTarget section */
		849747541876A88400EA69F2 /* DTTJailbreakDetection */ = {
			isa = PBXNativeTarget;
			buildConfigurationList = 849747871876A88400EA69F2 /* Build configuration list for PBXNativeTarget "DTTJailbreakDetection" */;
			buildPhases = (
				849747511876A88400EA69F2 /* Sources */,
				849747521876A88400EA69F2 /* Frameworks */,
				849747531876A88400EA69F2 /* Resources */,
			);
			buildRules = (
			);
			dependencies = (
			);
			name = DTTJailbreakDetection;
			productName = DTTJailbreakDetection;
			productReference = 849747551876A88400EA69F2 /* DTTJailbreakDetection.app */;
			productType = "com.apple.product-type.application";
		};
		849747751876A88400EA69F2 /* DTTJailbreakDetectionTests */ = {
			isa = PBXNativeTarget;
			buildConfigurationList = 8497478A1876A88400EA69F2 /* Build configuration list for PBXNativeTarget "DTTJailbreakDetectionTests" */;
			buildPhases = (
				849747721876A88400EA69F2 /* Sources */,
				849747731876A88400EA69F2 /* Frameworks */,
				849747741876A88400EA69F2 /* Resources */,
			);
			buildRules = (
			);
			dependencies = (
				8497477C1876A88400EA69F2 /* PBXTargetDependency */,
			);
			name = DTTJailbreakDetectionTests;
			productName = DTTJailbreakDetectionTests;
			productReference = 849747761876A88400EA69F2 /* DTTJailbreakDetectionTests.xctest */;
			productType = "com.apple.product-type.bundle.unit-test";
		};
/* End PBXNativeTarget section */

/* Begin PBXProject section */
		8497474D1876A88400EA69F2 /* Project object */ = {
			isa = PBXProject;
			attributes = {
				LastUpgradeCheck = 0500;
				ORGANIZATIONNAME = Thi;
				TargetAttributes = {
					849747751876A88400EA69F2 = {
						TestTargetID = 849747541876A88400EA69F2;
					};
				};
			};
			buildConfigurationList = 849747501876A88400EA69F2 /* Build configuration list for PBXProject "DTTJailbreakDetection" */;
			compatibilityVersion = "Xcode 3.2";
			developmentRegion = English;
			hasScannedForEncodings = 0;
			knownRegions = (
				en,
				Base,
			);
			mainGroup = 8497474C1876A88400EA69F2;
			productRefGroup = 849747561876A88400EA69F2 /* Products */;
			projectDirPath = "";
			projectRoot = "";
			targets = (
				849747541876A88400EA69F2 /* DTTJailbreakDetection */,
				849747751876A88400EA69F2 /* DTTJailbreakDetectionTests */,
			);
		};
/* End PBXProject section */

/* Begin PBXResourcesBuildPhase section */
		849747531876A88400EA69F2 /* Resources */ = {
			isa = PBXResourcesBuildPhase;
			buildActionMask = 2147483647;
			files = (
				849747711876A88400EA69F2 /* Images.xcassets in Resources */,
				849747631876A88400EA69F2 /* InfoPlist.strings in Resources */,
				8497476C1876A88400EA69F2 /* Main.storyboard in Resources */,
			);
			runOnlyForDeploymentPostprocessing = 0;
		};
		849747741876A88400EA69F2 /* Resources */ = {
			isa = PBXResourcesBuildPhase;
			buildActionMask = 2147483647;
			files = (
				849747821876A88400EA69F2 /* InfoPlist.strings in Resources */,
			);
			runOnlyForDeploymentPostprocessing = 0;
		};
/* End PBXResourcesBuildPhase section */

/* Begin PBXSourcesBuildPhase section */
		849747511876A88400EA69F2 /* Sources */ = {
			isa = PBXSourcesBuildPhase;
			buildActionMask = 2147483647;
			files = (
				8497476F1876A88400EA69F2 /* ViewController.m in Sources */,
				849747691876A88400EA69F2 /* AppDelegate.m in Sources */,
				8497478F1876A8A000EA69F2 /* DTTJailbreakDetection.m in Sources */,
				849747651876A88400EA69F2 /* main.m in Sources */,
			);
			runOnlyForDeploymentPostprocessing = 0;
		};
		849747721876A88400EA69F2 /* Sources */ = {
			isa = PBXSourcesBuildPhase;
			buildActionMask = 2147483647;
			files = (
				849747841876A88400EA69F2 /* DTTJailbreakDetectionTests.m in Sources */,
			);
			runOnlyForDeploymentPostprocessing = 0;
		};
/* End PBXSourcesBuildPhase section */

/* Begin PBXTargetDependency section */
		8497477C1876A88400EA69F2 /* PBXTargetDependency */ = {
			isa = PBXTargetDependency;
			target = 849747541876A88400EA69F2 /* DTTJailbreakDetection */;
			targetProxy = 8497477B1876A88400EA69F2 /* PBXContainerItemProxy */;
		};
/* End PBXTargetDependency section */

/* Begin PBXVariantGroup section */
		849747611876A88400EA69F2 /* InfoPlist.strings */ = {
			isa = PBXVariantGroup;
			children = (
				849747621876A88400EA69F2 /* en */,
			);
			name = InfoPlist.strings;
			sourceTree = "<group>";
		};
		8497476A1876A88400EA69F2 /* Main.storyboard */ = {
			isa = PBXVariantGroup;
			children = (
				8497476B1876A88400EA69F2 /* Base */,
			);
			name = Main.storyboard;
			sourceTree = "<group>";
		};
		849747801876A88400EA69F2 /* InfoPlist.strings */ = {
			isa = PBXVariantGroup;
			children = (
				849747811876A88400EA69F2 /* en */,
			);
			name = InfoPlist.strings;
			sourceTree = "<group>";
		};
/* End PBXVariantGroup section */

/* Begin XCBuildConfiguration section */
		849747851876A88400EA69F2 /* Debug */ = {
			isa = XCBuildConfiguration;
			buildSettings = {
				ALWAYS_SEARCH_USER_PATHS = NO;
				ARCHS = "$(ARCHS_STANDARD_INCLUDING_64_BIT)";
				CLANG_CXX_LANGUAGE_STANDARD = "gnu++0x";
				CLANG_CXX_LIBRARY = "libc++";
				CLANG_ENABLE_MODULES = YES;
				CLANG_ENABLE_OBJC_ARC = YES;
				CLANG_WARN_BOOL_CONVERSION = YES;
				CLANG_WARN_CONSTANT_CONVERSION = YES;
				CLANG_WARN_DIRECT_OBJC_ISA_USAGE = YES_ERROR;
				CLANG_WARN_EMPTY_BODY = YES;
				CLANG_WARN_ENUM_CONVERSION = YES;
				CLANG_WARN_INT_CONVERSION = YES;
				CLANG_WARN_OBJC_ROOT_CLASS = YES_ERROR;
				CLANG_WARN__DUPLICATE_METHOD_MATCH = YES;
				"CODE_SIGN_IDENTITY[sdk=iphoneos*]" = "iPhone Developer";
				COPY_PHASE_STRIP = NO;
				GCC_C_LANGUAGE_STANDARD = gnu99;
				GCC_DYNAMIC_NO_PIC = NO;
				GCC_OPTIMIZATION_LEVEL = 0;
				GCC_PREPROCESSOR_DEFINITIONS = (
					"DEBUG=1",
					"$(inherited)",
				);
				GCC_SYMBOLS_PRIVATE_EXTERN = NO;
				GCC_WARN_64_TO_32_BIT_CONVERSION = YES;
				GCC_WARN_ABOUT_RETURN_TYPE = YES_ERROR;
				GCC_WARN_UNDECLARED_SELECTOR = YES;
				GCC_WARN_UNINITIALIZED_AUTOS = YES;
				GCC_WARN_UNUSED_FUNCTION = YES;
				GCC_WARN_UNUSED_VARIABLE = YES;
				IPHONEOS_DEPLOYMENT_TARGET = 7.0;
				ONLY_ACTIVE_ARCH = YES;
				SDKROOT = iphoneos;
			};
			name = Debug;
		};
		849747861876A88400EA69F2 /* Release */ = {
			isa = XCBuildConfiguration;
			buildSettings = {
				ALWAYS_SEARCH_USER_PATHS = NO;
				ARCHS = "$(ARCHS_STANDARD_INCLUDING_64_BIT)";
				CLANG_CXX_LANGUAGE_STANDARD = "gnu++0x";
				CLANG_CXX_LIBRARY = "libc++";
				CLANG_ENABLE_MODULES = YES;
				CLANG_ENABLE_OBJC_ARC = YES;
				CLANG_WARN_BOOL_CONVERSION = YES;
				CLANG_WARN_CONSTANT_CONVERSION = YES;
				CLANG_WARN_DIRECT_OBJC_ISA_USAGE = YES_ERROR;
				CLANG_WARN_EMPTY_BODY = YES;
				CLANG_WARN_ENUM_CONVERSION = YES;
				CLANG_WARN_INT_CONVERSION = YES;
				CLANG_WARN_OBJC_ROOT_CLASS = YES_ERROR;
				CLANG_WARN__DUPLICATE_METHOD_MATCH = YES;
				"CODE_SIGN_IDENTITY[sdk=iphoneos*]" = "iPhone Developer";
				COPY_PHASE_STRIP = YES;
				ENABLE_NS_ASSERTIONS = NO;
				GCC_C_LANGUAGE_STANDARD = gnu99;
				GCC_WARN_64_TO_32_BIT_CONVERSION = YES;
				GCC_WARN_ABOUT_RETURN_TYPE = YES_ERROR;
				GCC_WARN_UNDECLARED_SELECTOR = YES;
				GCC_WARN_UNINITIALIZED_AUTOS = YES;
				GCC_WARN_UNUSED_FUNCTION = YES;
				GCC_WARN_UNUSED_VARIABLE = YES;
				IPHONEOS_DEPLOYMENT_TARGET = 7.0;
				SDKROOT = iphoneos;
				VALIDATE_PRODUCT = YES;
			};
			name = Release;
		};
		849747881876A88400EA69F2 /* Debug */ = {
			isa = XCBuildConfiguration;
			buildSettings = {
				ASSETCATALOG_COMPILER_APPICON_NAME = AppIcon;
				ASSETCATALOG_COMPILER_LAUNCHIMAGE_NAME = LaunchImage;
				GCC_PRECOMPILE_PREFIX_HEADER = YES;
				GCC_PREFIX_HEADER = "DTTJailbreakDetection/DTTJailbreakDetection-Prefix.pch";
				INFOPLIST_FILE = "DTTJailbreakDetection/DTTJailbreakDetection-Info.plist";
				PRODUCT_NAME = "$(TARGET_NAME)";
				WRAPPER_EXTENSION = app;
			};
			name = Debug;
		};
		849747891876A88400EA69F2 /* Release */ = {
			isa = XCBuildConfiguration;
			buildSettings = {
				ASSETCATALOG_COMPILER_APPICON_NAME = AppIcon;
				ASSETCATALOG_COMPILER_LAUNCHIMAGE_NAME = LaunchImage;
				GCC_PRECOMPILE_PREFIX_HEADER = YES;
				GCC_PREFIX_HEADER = "DTTJailbreakDetection/DTTJailbreakDetection-Prefix.pch";
				INFOPLIST_FILE = "DTTJailbreakDetection/DTTJailbreakDetection-Info.plist";
				PRODUCT_NAME = "$(TARGET_NAME)";
				WRAPPER_EXTENSION = app;
			};
			name = Release;
		};
		8497478B1876A88400EA69F2 /* Debug */ = {
			isa = XCBuildConfiguration;
			buildSettings = {
				ARCHS = "$(ARCHS_STANDARD_INCLUDING_64_BIT)";
				BUNDLE_LOADER = "$(BUILT_PRODUCTS_DIR)/DTTJailbreakDetection.app/DTTJailbreakDetection";
				FRAMEWORK_SEARCH_PATHS = (
					"$(SDKROOT)/Developer/Library/Frameworks",
					"$(inherited)",
					"$(DEVELOPER_FRAMEWORKS_DIR)",
				);
				GCC_PRECOMPILE_PREFIX_HEADER = YES;
				GCC_PREFIX_HEADER = "DTTJailbreakDetection/DTTJailbreakDetection-Prefix.pch";
				GCC_PREPROCESSOR_DEFINITIONS = (
					"DEBUG=1",
					"$(inherited)",
				);
				INFOPLIST_FILE = "DTTJailbreakDetectionTests/DTTJailbreakDetectionTests-Info.plist";
				PRODUCT_NAME = "$(TARGET_NAME)";
				TEST_HOST = "$(BUNDLE_LOADER)";
				WRAPPER_EXTENSION = xctest;
			};
			name = Debug;
		};
		8497478C1876A88400EA69F2 /* Release */ = {
			isa = XCBuildConfiguration;
			buildSettings = {
				ARCHS = "$(ARCHS_STANDARD_INCLUDING_64_BIT)";
				BUNDLE_LOADER = "$(BUILT_PRODUCTS_DIR)/DTTJailbreakDetection.app/DTTJailbreakDetection";
				FRAMEWORK_SEARCH_PATHS = (
					"$(SDKROOT)/Developer/Library/Frameworks",
					"$(inherited)",
					"$(DEVELOPER_FRAMEWORKS_DIR)",
				);
				GCC_PRECOMPILE_PREFIX_HEADER = YES;
				GCC_PREFIX_HEADER = "DTTJailbreakDetection/DTTJailbreakDetection-Prefix.pch";
				INFOPLIST_FILE = "DTTJailbreakDetectionTests/DTTJailbreakDetectionTests-Info.plist";
				PRODUCT_NAME = "$(TARGET_NAME)";
				TEST_HOST = "$(BUNDLE_LOADER)";
				WRAPPER_EXTENSION = xctest;
			};
			name = Release;
		};
/* End XCBuildConfiguration section */

/* Begin XCConfigurationList section */
		849747501876A88400EA69F2 /* Build configuration list for PBXProject "DTTJailbreakDetection" */ = {
			isa = XCConfigurationList;
			buildConfigurations = (
				849747851876A88400EA69F2 /* Debug */,
				849747861876A88400EA69F2 /* Release */,
			);
			defaultConfigurationIsVisible = 0;
			defaultConfigurationName = Release;
		};
		849747871876A88400EA69F2 /* Build configuration list for PBXNativeTarget "DTTJailbreakDetection" */ = {
			isa = XCConfigurationList;
			buildConfigurations = (
				849747881876A88400EA69F2 /* Debug */,
				849747891876A88400EA69F2 /* Release */,
			);
			defaultConfigurationIsVisible = 0;
		};
		8497478A1876A88400EA69F2 /* Build configuration list for PBXNativeTarget "DTTJailbreakDetectionTests" */ = {
			isa = XCConfigurationList;
			buildConfigurations = (
				8497478B1876A88400EA69F2 /* Debug */,
				8497478C1876A88400EA69F2 /* Release */,
			);
			defaultConfigurationIsVisible = 0;
		};
/* End XCConfigurationList section */
	};
	rootObject = 8497474D1876A88400EA69F2 /* Project object */;
}
